
Microsoft Visual Studio Solution File, Format Version 12.00
# Visual Studio 14
VisualStudioVersion = 14.0.22512.0
MinimumVisualStudioVersion = 10.0.40219.1
Project("{2150E333-8FDC-42A3-9474-1A3956D46DE8}") = "src", "src", "{001CCCAA-7CB6-4696-8B30-0EE864C57813}"
EndProject
Project("{8BB2217D-0F2D-49D1-97BC-3654ED321F3B}") = "AngularMatchingGame", "src\AngularMatchingGame\AngularMatchingGame.kproj", "{BF274AF7-E13F-4BA7-9F55-D8F7BB60CF67}"
EndProject
Project("{2150E333-8FDC-42A3-9474-1A3956D46DE8}") = "Solution Items", "Solution Items", "{856C0C61-6813-47C2-92E6-FF6761C7C3AB}"
	ProjectSection(SolutionItems) = preProject
		global.json = global.json
	EndProjectSection
EndProject
Global
	GlobalSection(SolutionConfigurationPlatforms) = preSolution
		Debug|Any CPU = Debug|Any CPU
		Release|Any CPU = Release|Any CPU
	EndGlobalSection
	GlobalSection(ProjectConfigurationPlatforms) = postSolution
		{BF274AF7-E13F-4BA7-9F55-D8F7BB60CF67}.Debug|Any CPU.ActiveCfg = Debug|Any CPU
		{BF274AF7-E13F-4BA7-9F55-D8F7BB60CF67}.Debug|Any CPU.Build.0 = Debug|Any CPU
		{BF274AF7-E13F-4BA7-9F55-D8F7BB60CF67}.Release|Any CPU.ActiveCfg = Release|Any CPU
		{BF274AF7-E13F-4BA7-9F55-D8F7BB60CF67}.Release|Any CPU.Build.0 = Release|Any CPU
	EndGlobalSection
	GlobalSection(SolutionProperties) = preSolution
		HideSolutionNode = FALSE
	EndGlobalSection
	GlobalSection(NestedProjects) = preSolution
		{BF274AF7-E13F-4BA7-9F55-D8F7BB60CF67} = {001CCCAA-7CB6-4696-8B30-0EE864C57813}
	EndGlobalSection
EndGlobal
